
Microsoft Visual Studio Solution File, Format Version 12.00
# Visual Studio Version 16
VisualStudioVersion = 16.0.28922.388
MinimumVisualStudioVersion = 10.0.40219.1
Project("{FAE04EC0-301F-11D3-BF4B-00C04F79EFBC}") = "SentwoAPI", "SentwoAPI.csproj", "{DCE40D59-7807-4781-8D1E-FC1F8BC8A486}"
EndProject
Global
	GlobalSection(SolutionConfigurationPlatforms) = preSolution
		Debug|Any CPU = Debug|Any CPU
		Release|Any CPU = Release|Any CPU
	EndGlobalSection
	GlobalSection(ProjectConfigurationPlatforms) = postSolution
		{DCE40D59-7807-4781-8D1E-FC1F8BC8A486}.Debug|Any CPU.ActiveCfg = Debug|Any CPU
		{DCE40D59-7807-4781-8D1E-FC1F8BC8A486}.Debug|Any CPU.Build.0 = Debug|Any CPU
		{DCE40D59-7807-4781-8D1E-FC1F8BC8A486}.Release|Any CPU.ActiveCfg = Release|Any CPU
		{DCE40D59-7807-4781-8D1E-FC1F8BC8A486}.Release|Any CPU.Build.0 = Release|Any CPU
	EndGlobalSection
	GlobalSection(SolutionProperties) = preSolution
		HideSolutionNode = FALSE
	EndGlobalSection
	GlobalSection(ExtensibilityGlobals) = postSolution
		SolutionGuid = {200D3C1D-C650-49DD-B74A-5D35FC9C0C0B}
	EndGlobalSection
EndGlobal
